
Microsoft Visual Studio Solution File, Format Version 12.00
# Visual Studio 15
VisualStudioVersion = 15.0.28010.2016
MinimumVisualStudioVersion = 10.0.40219.1
Project("{FAE04EC0-301F-11D3-BF4B-00C04F79EFBC}") = "CalculateLetterGrade", "CalculateLetterGrade\CalculateLetterGrade.csproj", "{45B9BC72-0062-4BCF-BE8A-2BA26BD68B54}"
EndProject
Global
	GlobalSection(SolutionConfigurationPlatforms) = preSolution
		Debug|Any CPU = Debug|Any CPU
		Release|Any CPU = Release|Any CPU
	EndGlobalSection
	GlobalSection(ProjectConfigurationPlatforms) = postSolution
		{45B9BC72-0062-4BCF-BE8A-2BA26BD68B54}.Debug|Any CPU.ActiveCfg = Debug|Any CPU
		{45B9BC72-0062-4BCF-BE8A-2BA26BD68B54}.Debug|Any CPU.Build.0 = Debug|Any CPU
		{45B9BC72-0062-4BCF-BE8A-2BA26BD68B54}.Release|Any CPU.ActiveCfg = Release|Any CPU
		{45B9BC72-0062-4BCF-BE8A-2BA26BD68B54}.Release|Any CPU.Build.0 = Release|Any CPU
	EndGlobalSection
	GlobalSection(SolutionProperties) = preSolution
		HideSolutionNode = FALSE
	EndGlobalSection
	GlobalSection(ExtensibilityGlobals) = postSolution
		SolutionGuid = {1BB8193E-4A21-48CE-9D3D-7B72CE865F96}
	EndGlobalSection
EndGlobal
